
Microsoft Visual Studio Solution File, Format Version 12.00
Project("{FAE04EC0-301F-11D3-BF4B-00C04F79EFBC}") = "DocSession.Application", "DocSession.Application\DocSession.Application.csproj", "{B725BCDD-8C07-4A87-85A1-ABF63F6D08E3}"
EndProject
Global
	GlobalSection(SolutionConfigurationPlatforms) = preSolution
		Debug|Any CPU = Debug|Any CPU
		Release|Any CPU = Release|Any CPU
	EndGlobalSection
	GlobalSection(ProjectConfigurationPlatforms) = postSolution
		{B725BCDD-8C07-4A87-85A1-ABF63F6D08E3}.Debug|Any CPU.ActiveCfg = Debug|Any CPU
		{B725BCDD-8C07-4A87-85A1-ABF63F6D08E3}.Debug|Any CPU.Build.0 = Debug|Any CPU
		{B725BCDD-8C07-4A87-85A1-ABF63F6D08E3}.Release|Any CPU.ActiveCfg = Release|Any CPU
		{B725BCDD-8C07-4A87-85A1-ABF63F6D08E3}.Release|Any CPU.Build.0 = Release|Any CPU
	EndGlobalSection
EndGlobal
